
Microsoft Visual Studio Solution File, Format Version 12.00
# Visual Studio Version 17
VisualStudioVersion = 17.9.34616.47
MinimumVisualStudioVersion = 10.0.40219.1
Project("{FAE04EC0-301F-11D3-BF4B-00C04F79EFBC}") = "App_Todo_Backend", "App_Todo_Backend.csproj", "{FBD8FCF7-0AC3-4411-B6F8-B4B9C2B5931C}"
EndProject
Global
	GlobalSection(SolutionConfigurationPlatforms) = preSolution
		Debug|Any CPU = Debug|Any CPU
		Release|Any CPU = Release|Any CPU
	EndGlobalSection
	GlobalSection(ProjectConfigurationPlatforms) = postSolution
		{FBD8FCF7-0AC3-4411-B6F8-B4B9C2B5931C}.Debug|Any CPU.ActiveCfg = Debug|Any CPU
		{FBD8FCF7-0AC3-4411-B6F8-B4B9C2B5931C}.Debug|Any CPU.Build.0 = Debug|Any CPU
		{FBD8FCF7-0AC3-4411-B6F8-B4B9C2B5931C}.Release|Any CPU.ActiveCfg = Release|Any CPU
		{FBD8FCF7-0AC3-4411-B6F8-B4B9C2B5931C}.Release|Any CPU.Build.0 = Release|Any CPU
	EndGlobalSection
	GlobalSection(SolutionProperties) = preSolution
		HideSolutionNode = FALSE
	EndGlobalSection
	GlobalSection(ExtensibilityGlobals) = postSolution
		SolutionGuid = {FAADF8D4-D2F5-4645-9638-3568BC1EAC08}
	EndGlobalSection
EndGlobal
